
Microsoft Visual Studio Solution File, Format Version 12.00
# Visual Studio 15
VisualStudioVersion = 15.0.28307.329
MinimumVisualStudioVersion = 10.0.40219.1
Project("{FAE04EC0-301F-11D3-BF4B-00C04F79EFBC}") = "Task 3", "Task 3\Task 3.csproj", "{2A7B4D5B-E6A3-4C00-9E9C-049C8A199996}"
EndProject
Global
	GlobalSection(SolutionConfigurationPlatforms) = preSolution
		Debug|Any CPU = Debug|Any CPU
		Release|Any CPU = Release|Any CPU
	EndGlobalSection
	GlobalSection(ProjectConfigurationPlatforms) = postSolution
		{2A7B4D5B-E6A3-4C00-9E9C-049C8A199996}.Debug|Any CPU.ActiveCfg = Debug|Any CPU
		{2A7B4D5B-E6A3-4C00-9E9C-049C8A199996}.Debug|Any CPU.Build.0 = Debug|Any CPU
		{2A7B4D5B-E6A3-4C00-9E9C-049C8A199996}.Release|Any CPU.ActiveCfg = Release|Any CPU
		{2A7B4D5B-E6A3-4C00-9E9C-049C8A199996}.Release|Any CPU.Build.0 = Release|Any CPU
	EndGlobalSection
	GlobalSection(SolutionProperties) = preSolution
		HideSolutionNode = FALSE
	EndGlobalSection
	GlobalSection(ExtensibilityGlobals) = postSolution
		SolutionGuid = {F84A8A41-1CC4-4AE4-884B-D84060A839B1}
	EndGlobalSection
EndGlobal
